
Microsoft Visual Studio Solution File, Format Version 12.00
# Visual Studio Version 16
VisualStudioVersion = 16.0.30621.155
MinimumVisualStudioVersion = 10.0.40219.1
Project("{888888A0-9F3D-457C-B088-3A5042F75D52}") = "9_CrazyRichMan", "9_CrazyRichMan.pyproj", "{A7498C11-40B8-4317-92A0-D6B23E164713}"
EndProject
Global
	GlobalSection(SolutionConfigurationPlatforms) = preSolution
		Debug|Any CPU = Debug|Any CPU
		Release|Any CPU = Release|Any CPU
	EndGlobalSection
	GlobalSection(ProjectConfigurationPlatforms) = postSolution
		{A7498C11-40B8-4317-92A0-D6B23E164713}.Debug|Any CPU.ActiveCfg = Debug|Any CPU
		{A7498C11-40B8-4317-92A0-D6B23E164713}.Release|Any CPU.ActiveCfg = Release|Any CPU
	EndGlobalSection
	GlobalSection(SolutionProperties) = preSolution
		HideSolutionNode = FALSE
	EndGlobalSection
	GlobalSection(ExtensibilityGlobals) = postSolution
		SolutionGuid = {0AC39B89-EDE8-44B3-864B-F6E93E87414E}
	EndGlobalSection
EndGlobal
