
Microsoft Visual Studio Solution File, Format Version 12.00
# Visual Studio Version 16
VisualStudioVersion = 16.0.30621.155
MinimumVisualStudioVersion = 10.0.40219.1
Project("{888888A0-9F3D-457C-B088-3A5042F75D52}") = "3_Queue", "3_Queue.pyproj", "{C86CC4D8-333F-4F27-8CC0-6E0A73767C36}"
EndProject
Global
	GlobalSection(SolutionConfigurationPlatforms) = preSolution
		Debug|Any CPU = Debug|Any CPU
		Release|Any CPU = Release|Any CPU
	EndGlobalSection
	GlobalSection(ProjectConfigurationPlatforms) = postSolution
		{C86CC4D8-333F-4F27-8CC0-6E0A73767C36}.Debug|Any CPU.ActiveCfg = Debug|Any CPU
		{C86CC4D8-333F-4F27-8CC0-6E0A73767C36}.Release|Any CPU.ActiveCfg = Release|Any CPU
	EndGlobalSection
	GlobalSection(SolutionProperties) = preSolution
		HideSolutionNode = FALSE
	EndGlobalSection
	GlobalSection(ExtensibilityGlobals) = postSolution
		SolutionGuid = {3D157D28-A783-47D1-8B92-CB2AB642B0B4}
	EndGlobalSection
EndGlobal
